// !$*UTF8*$!
{
	archiveVersion = 1;
	classes = {
	};
	objectVersion = 50;
	objects = {

/* Begin PBXBuildFile section */
		A7F9175327A2FF5900E27904 /* AppDelegate.swift in Sources */ = {isa = PBXBuildFile; fileRef = A7F9175227A2FF5900E27904 /* AppDelegate.swift */; };
		A7F9175527A2FF5900E27904 /* SceneDelegate.swift in Sources */ = {isa = PBXBuildFile; fileRef = A7F9175427A2FF5900E27904 /* SceneDelegate.swift */; };
		A7F9175727A2FF5900E27904 /* ConversationsViewController.swift in Sources */ = {isa = PBXBuildFile; fileRef = A7F9175627A2FF5900E27904 /* ConversationsViewController.swift */; };
		A7F9175A27A2FF5900E27904 /* Main.storyboard in Resources */ = {isa = PBXBuildFile; fileRef = A7F9175827A2FF5900E27904 /* Main.storyboard */; };
		A7F9175C27A2FF5C00E27904 /* Assets.xcassets in Resources */ = {isa = PBXBuildFile; fileRef = A7F9175B27A2FF5C00E27904 /* Assets.xcassets */; };
		A7F9175F27A2FF5C00E27904 /* LaunchScreen.storyboard in Resources */ = {isa = PBXBuildFile; fileRef = A7F9175D27A2FF5C00E27904 /* LaunchScreen.storyboard */; };
		A7F9176D27A30D8C00E27904 /* LoginViewController.swift in Sources */ = {isa = PBXBuildFile; fileRef = A7F9176C27A30D8C00E27904 /* LoginViewController.swift */; };
		A7F9176F27A30DA500E27904 /* RegisterViewController.swift in Sources */ = {isa = PBXBuildFile; fileRef = A7F9176E27A30DA500E27904 /* RegisterViewController.swift */; };
		A7F9177227A30E6000E27904 /* PhotoViewerViewController.swift in Sources */ = {isa = PBXBuildFile; fileRef = A7F9177127A30E6000E27904 /* PhotoViewerViewController.swift */; };
		A7F9177427A30E7100E27904 /* VideoPlayerViewController.swift in Sources */ = {isa = PBXBuildFile; fileRef = A7F9177327A30E7100E27904 /* VideoPlayerViewController.swift */; };
		A7F9177627A30E9500E27904 /* NewConversationViewController.swift in Sources */ = {isa = PBXBuildFile; fileRef = A7F9177527A30E9500E27904 /* NewConversationViewController.swift */; };
		A7F9177827A30EB200E27904 /* ProfileViewController.swift in Sources */ = {isa = PBXBuildFile; fileRef = A7F9177727A30EB200E27904 /* ProfileViewController.swift */; };
		A7F9177B27A3271400E27904 /* Extentions.swift in Sources */ = {isa = PBXBuildFile; fileRef = A7F9177A27A3271400E27904 /* Extentions.swift */; };
/* End PBXBuildFile section */

/* Begin PBXFileReference section */
		A7F9174F27A2FF5900E27904 /* myChat.app */ = {isa = PBXFileReference; explicitFileType = wrapper.application; includeInIndex = 0; path = myChat.app; sourceTree = BUILT_PRODUCTS_DIR; };
		A7F9175227A2FF5900E27904 /* AppDelegate.swift */ = {isa = PBXFileReference; lastKnownFileType = sourcecode.swift; path = AppDelegate.swift; sourceTree = "<group>"; };
		A7F9175427A2FF5900E27904 /* SceneDelegate.swift */ = {isa = PBXFileReference; lastKnownFileType = sourcecode.swift; path = SceneDelegate.swift; sourceTree = "<group>"; };
		A7F9175627A2FF5900E27904 /* ConversationsViewController.swift */ = {isa = PBXFileReference; lastKnownFileType = sourcecode.swift; path = ConversationsViewController.swift; sourceTree = "<group>"; };
		A7F9175927A2FF5900E27904 /* Base */ = {isa = PBXFileReference; lastKnownFileType = file.storyboard; name = Base; path = Base.lproj/Main.storyboard; sourceTree = "<group>"; };
		A7F9175B27A2FF5C00E27904 /* Assets.xcassets */ = {isa = PBXFileReference; lastKnownFileType = folder.assetcatalog; path = Assets.xcassets; sourceTree = "<group>"; };
		A7F9175E27A2FF5C00E27904 /* Base */ = {isa = PBXFileReference; lastKnownFileType = file.storyboard; name = Base; path = Base.lproj/LaunchScreen.storyboard; sourceTree = "<group>"; };
		A7F9176027A2FF5C00E27904 /* Info.plist */ = {isa = PBXFileReference; lastKnownFileType = text.plist.xml; path = Info.plist; sourceTree = "<group>"; };
		A7F9176C27A30D8C00E27904 /* LoginViewController.swift */ = {isa = PBXFileReference; lastKnownFileType = sourcecode.swift; path = LoginViewController.swift; sourceTree = "<group>"; };
		A7F9176E27A30DA500E27904 /* RegisterViewController.swift */ = {isa = PBXFileReference; lastKnownFileType = sourcecode.swift; path = RegisterViewController.swift; sourceTree = "<group>"; };
		A7F9177127A30E6000E27904 /* PhotoViewerViewController.swift */ = {isa = PBXFileReference; lastKnownFileType = sourcecode.swift; path = PhotoViewerViewController.swift; sourceTree = "<group>"; };
		A7F9177327A30E7100E27904 /* VideoPlayerViewController.swift */ = {isa = PBXFileReference; lastKnownFileType = sourcecode.swift; path = VideoPlayerViewController.swift; sourceTree = "<group>"; };
		A7F9177527A30E9500E27904 /* NewConversationViewController.swift */ = {isa = PBXFileReference; lastKnownFileType = sourcecode.swift; path = NewConversationViewController.swift; sourceTree = "<group>"; };
		A7F9177727A30EB200E27904 /* ProfileViewController.swift */ = {isa = PBXFileReference; lastKnownFileType = sourcecode.swift; path = ProfileViewController.swift; sourceTree = "<group>"; };
		A7F9177A27A3271400E27904 /* Extentions.swift */ = {isa = PBXFileReference; lastKnownFileType = sourcecode.swift; path = Extentions.swift; sourceTree = "<group>"; };
/* End PBXFileReference section */

/* Begin PBXFrameworksBuildPhase section */
		A7F9174C27A2FF5900E27904 /* Frameworks */ = {
			isa = PBXFrameworksBuildPhase;
			buildActionMask = 2147483647;
			files = (
			);
			runOnlyForDeploymentPostprocessing = 0;
		};
/* End PBXFrameworksBuildPhase section */

/* Begin PBXGroup section */
		A7F9174627A2FF5900E27904 = {
			isa = PBXGroup;
			children = (
				A7F9175127A2FF5900E27904 /* myChat */,
				A7F9175027A2FF5900E27904 /* Products */,
			);
			sourceTree = "<group>";
		};
		A7F9175027A2FF5900E27904 /* Products */ = {
			isa = PBXGroup;
			children = (
				A7F9174F27A2FF5900E27904 /* myChat.app */,
			);
			name = Products;
			sourceTree = "<group>";
		};
		A7F9175127A2FF5900E27904 /* myChat */ = {
			isa = PBXGroup;
			children = (
				A7F9176A27A302E100E27904 /* ViewModels */,
				A7F9176927A302DA00E27904 /* Models */,
				A7F9176827A302D200E27904 /* Controllers */,
				A7F9176727A302CA00E27904 /* Views */,
				A7F9176627A302BD00E27904 /* Resources */,
				A7F9176027A2FF5C00E27904 /* Info.plist */,
			);
			path = myChat;
			sourceTree = "<group>";
		};
		A7F9176627A302BD00E27904 /* Resources */ = {
			isa = PBXGroup;
			children = (
				A7F9175227A2FF5900E27904 /* AppDelegate.swift */,
				A7F9175427A2FF5900E27904 /* SceneDelegate.swift */,
			);
			path = Resources;
			sourceTree = "<group>";
		};
		A7F9176727A302CA00E27904 /* Views */ = {
			isa = PBXGroup;
			children = (
				A7F9176B27A3033B00E27904 /* Storyboards */,
				A7F9175B27A2FF5C00E27904 /* Assets.xcassets */,
			);
			path = Views;
			sourceTree = "<group>";
		};
		A7F9176827A302D200E27904 /* Controllers */ = {
			isa = PBXGroup;
			children = (
				A7F9177927A31D1200E27904 /* Login */,
				A7F9175627A2FF5900E27904 /* ConversationsViewController.swift */,
				A7F9177127A30E6000E27904 /* PhotoViewerViewController.swift */,
				A7F9177327A30E7100E27904 /* VideoPlayerViewController.swift */,
				A7F9177527A30E9500E27904 /* NewConversationViewController.swift */,
				A7F9177727A30EB200E27904 /* ProfileViewController.swift */,
				A7F9177A27A3271400E27904 /* Extentions.swift */,
			);
			path = Controllers;
			sourceTree = "<group>";
		};
		A7F9176927A302DA00E27904 /* Models */ = {
			isa = PBXGroup;
			children = (
			);
			path = Models;
			sourceTree = "<group>";
		};
		A7F9176A27A302E100E27904 /* ViewModels */ = {
			isa = PBXGroup;
			children = (
			);
			path = ViewModels;
			sourceTree = "<group>";
		};
		A7F9176B27A3033B00E27904 /* Storyboards */ = {
			isa = PBXGroup;
			children = (
				A7F9175827A2FF5900E27904 /* Main.storyboard */,
				A7F9175D27A2FF5C00E27904 /* LaunchScreen.storyboard */,
			);
			path = Storyboards;
			sourceTree = "<group>";
		};
		A7F9177927A31D1200E27904 /* Login */ = {
			isa = PBXGroup;
			children = (
				A7F9176C27A30D8C00E27904 /* LoginViewController.swift */,
				A7F9176E27A30DA500E27904 /* RegisterViewController.swift */,
			);
			path = Login;
			sourceTree = "<group>";
		};
/* End PBXGroup section */

/* Begin PBXNativeTarget section */
		A7F9174E27A2FF5900E27904 /* myChat */ = {
			isa = PBXNativeTarget;
			buildConfigurationList = A7F9176327A2FF5C00E27904 /* Build configuration list for PBXNativeTarget "myChat" */;
			buildPhases = (
				A7F9174B27A2FF5900E27904 /* Sources */,
				A7F9174C27A2FF5900E27904 /* Frameworks */,
				A7F9174D27A2FF5900E27904 /* Resources */,
			);
			buildRules = (
			);
			dependencies = (
			);
			name = myChat;
			productName = myChat;
			productReference = A7F9174F27A2FF5900E27904 /* myChat.app */;
			productType = "com.apple.product-type.application";
		};
/* End PBXNativeTarget section */

/* Begin PBXProject section */
		A7F9174727A2FF5900E27904 /* Project object */ = {
			isa = PBXProject;
			attributes = {
				LastSwiftUpdateCheck = 1250;
				LastUpgradeCheck = 1250;
				TargetAttributes = {
					A7F9174E27A2FF5900E27904 = {
						CreatedOnToolsVersion = 12.5.1;
					};
				};
			};
			buildConfigurationList = A7F9174A27A2FF5900E27904 /* Build configuration list for PBXProject "myChat" */;
			compatibilityVersion = "Xcode 9.3";
			developmentRegion = en;
			hasScannedForEncodings = 0;
			knownRegions = (
				en,
				Base,
			);
			mainGroup = A7F9174627A2FF5900E27904;
			productRefGroup = A7F9175027A2FF5900E27904 /* Products */;
			projectDirPath = "";
			projectRoot = "";
			targets = (
				A7F9174E27A2FF5900E27904 /* myChat */,
			);
		};
/* End PBXProject section */

/* Begin PBXResourcesBuildPhase section */
		A7F9174D27A2FF5900E27904 /* Resources */ = {
			isa = PBXResourcesBuildPhase;
			buildActionMask = 2147483647;
			files = (
				A7F9175F27A2FF5C00E27904 /* LaunchScreen.storyboard in Resources */,
				A7F9175C27A2FF5C00E27904 /* Assets.xcassets in Resources */,
				A7F9175A27A2FF5900E27904 /* Main.storyboard in Resources */,
			);
			runOnlyForDeploymentPostprocessing = 0;
		};
/* End PBXResourcesBuildPhase section */

/* Begin PBXSourcesBuildPhase section */
		A7F9174B27A2FF5900E27904 /* Sources */ = {
			isa = PBXSourcesBuildPhase;
			buildActionMask = 2147483647;
			files = (
				A7F9176D27A30D8C00E27904 /* LoginViewController.swift in Sources */,
				A7F9176F27A30DA500E27904 /* RegisterViewController.swift in Sources */,
				A7F9177B27A3271400E27904 /* Extentions.swift in Sources */,
				A7F9177627A30E9500E27904 /* NewConversationViewController.swift in Sources */,
				A7F9175727A2FF5900E27904 /* ConversationsViewController.swift in Sources */,
				A7F9177427A30E7100E27904 /* VideoPlayerViewController.swift in Sources */,
				A7F9175327A2FF5900E27904 /* AppDelegate.swift in Sources */,
				A7F9177827A30EB200E27904 /* ProfileViewController.swift in Sources */,
				A7F9175527A2FF5900E27904 /* SceneDelegate.swift in Sources */,
				A7F9177227A30E6000E27904 /* PhotoViewerViewController.swift in Sources */,
			);
			runOnlyForDeploymentPostprocessing = 0;
		};
/* End PBXSourcesBuildPhase section */

/* Begin PBXVariantGroup section */
		A7F9175827A2FF5900E27904 /* Main.storyboard */ = {
			isa = PBXVariantGroup;
			children = (
				A7F9175927A2FF5900E27904 /* Base */,
			);
			name = Main.storyboard;
			sourceTree = "<group>";
		};
		A7F9175D27A2FF5C00E27904 /* LaunchScreen.storyboard */ = {
			isa = PBXVariantGroup;
			children = (
				A7F9175E27A2FF5C00E27904 /* Base */,
			);
			name = LaunchScreen.storyboard;
			sourceTree = "<group>";
		};
/* End PBXVariantGroup section */

/* Begin XCBuildConfiguration section */
		A7F9176127A2FF5C00E27904 /* Debug */ = {
			isa = XCBuildConfiguration;
			buildSettings = {
				ALWAYS_SEARCH_USER_PATHS = NO;
				CLANG_ANALYZER_NONNULL = YES;
				CLANG_ANALYZER_NUMBER_OBJECT_CONVERSION = YES_AGGRESSIVE;
				CLANG_CXX_LANGUAGE_STANDARD = "gnu++14";
				CLANG_CXX_LIBRARY = "libc++";
				CLANG_ENABLE_MODULES = YES;
				CLANG_ENABLE_OBJC_ARC = YES;
				CLANG_ENABLE_OBJC_WEAK = YES;
				CLANG_WARN_BLOCK_CAPTURE_AUTORELEASING = YES;
				CLANG_WARN_BOOL_CONVERSION = YES;
				CLANG_WARN_COMMA = YES;
				CLANG_WARN_CONSTANT_CONVERSION = YES;
				CLANG_WARN_DEPRECATED_OBJC_IMPLEMENTATIONS = YES;
				CLANG_WARN_DIRECT_OBJC_ISA_USAGE = YES_ERROR;
				CLANG_WARN_DOCUMENTATION_COMMENTS = YES;
				CLANG_WARN_EMPTY_BODY = YES;
				CLANG_WARN_ENUM_CONVERSION = YES;
				CLANG_WARN_INFINITE_RECURSION = YES;
				CLANG_WARN_INT_CONVERSION = YES;
				CLANG_WARN_NON_LITERAL_NULL_CONVERSION = YES;
				CLANG_WARN_OBJC_IMPLICIT_RETAIN_SELF = YES;
				CLANG_WARN_OBJC_LITERAL_CONVERSION = YES;
				CLANG_WARN_OBJC_ROOT_CLASS = YES_ERROR;
				CLANG_WARN_QUOTED_INCLUDE_IN_FRAMEWORK_HEADER = YES;
				CLANG_WARN_RANGE_LOOP_ANALYSIS = YES;
				CLANG_WARN_STRICT_PROTOTYPES = YES;
				CLANG_WARN_SUSPICIOUS_MOVE = YES;
				CLANG_WARN_UNGUARDED_AVAILABILITY = YES_AGGRESSIVE;
				CLANG_WARN_UNREACHABLE_CODE = YES;
				CLANG_WARN__DUPLICATE_METHOD_MATCH = YES;
				COPY_PHASE_STRIP = NO;
				DEBUG_INFORMATION_FORMAT = dwarf;
				ENABLE_STRICT_OBJC_MSGSEND = YES;
				ENABLE_TESTABILITY = YES;
				GCC_C_LANGUAGE_STANDARD = gnu11;
				GCC_DYNAMIC_NO_PIC = NO;
				GCC_NO_COMMON_BLOCKS = YES;
				GCC_OPTIMIZATION_LEVEL = 0;
				GCC_PREPROCESSOR_DEFINITIONS = (
					"DEBUG=1",
					"$(inherited)",
				);
				GCC_WARN_64_TO_32_BIT_CONVERSION = YES;
				GCC_WARN_ABOUT_RETURN_TYPE = YES_ERROR;
				GCC_WARN_UNDECLARED_SELECTOR = YES;
				GCC_WARN_UNINITIALIZED_AUTOS = YES_AGGRESSIVE;
				GCC_WARN_UNUSED_FUNCTION = YES;
				GCC_WARN_UNUSED_VARIABLE = YES;
				IPHONEOS_DEPLOYMENT_TARGET = 14.5;
				MTL_ENABLE_DEBUG_INFO = INCLUDE_SOURCE;
				MTL_FAST_MATH = YES;
				ONLY_ACTIVE_ARCH = YES;
				SDKROOT = iphoneos;
				SWIFT_ACTIVE_COMPILATION_CONDITIONS = DEBUG;
				SWIFT_OPTIMIZATION_LEVEL = "-Onone";
			};
			name = Debug;
		};
		A7F9176227A2FF5C00E27904 /* Release */ = {
			isa = XCBuildConfiguration;
			buildSettings = {
				ALWAYS_SEARCH_USER_PATHS = NO;
				CLANG_ANALYZER_NONNULL = YES;
				CLANG_ANALYZER_NUMBER_OBJECT_CONVERSION = YES_AGGRESSIVE;
				CLANG_CXX_LANGUAGE_STANDARD = "gnu++14";
				CLANG_CXX_LIBRARY = "libc++";
				CLANG_ENABLE_MODULES = YES;
				CLANG_ENABLE_OBJC_ARC = YES;
				CLANG_ENABLE_OBJC_WEAK = YES;
				CLANG_WARN_BLOCK_CAPTURE_AUTORELEASING = YES;
				CLANG_WARN_BOOL_CONVERSION = YES;
				CLANG_WARN_COMMA = YES;
				CLANG_WARN_CONSTANT_CONVERSION = YES;
				CLANG_WARN_DEPRECATED_OBJC_IMPLEMENTATIONS = YES;
				CLANG_WARN_DIRECT_OBJC_ISA_USAGE = YES_ERROR;
				CLANG_WARN_DOCUMENTATION_COMMENTS = YES;
				CLANG_WARN_EMPTY_BODY = YES;
				CLANG_WARN_ENUM_CONVERSION = YES;
				CLANG_WARN_INFINITE_RECURSION = YES;
				CLANG_WARN_INT_CONVERSION = YES;
				CLANG_WARN_NON_LITERAL_NULL_CONVERSION = YES;
				CLANG_WARN_OBJC_IMPLICIT_RETAIN_SELF = YES;
				CLANG_WARN_OBJC_LITERAL_CONVERSION = YES;
				CLANG_WARN_OBJC_ROOT_CLASS = YES_ERROR;
				CLANG_WARN_QUOTED_INCLUDE_IN_FRAMEWORK_HEADER = YES;
				CLANG_WARN_RANGE_LOOP_ANALYSIS = YES;
				CLANG_WARN_STRICT_PROTOTYPES = YES;
				CLANG_WARN_SUSPICIOUS_MOVE = YES;
				CLANG_WARN_UNGUARDED_AVAILABILITY = YES_AGGRESSIVE;
				CLANG_WARN_UNREACHABLE_CODE = YES;
				CLANG_WARN__DUPLICATE_METHOD_MATCH = YES;
				COPY_PHASE_STRIP = NO;
				DEBUG_INFORMATION_FORMAT = "dwarf-with-dsym";
				ENABLE_NS_ASSERTIONS = NO;
				ENABLE_STRICT_OBJC_MSGSEND = YES;
				GCC_C_LANGUAGE_STANDARD = gnu11;
				GCC_NO_COMMON_BLOCKS = YES;
				GCC_WARN_64_TO_32_BIT_CONVERSION = YES;
				GCC_WARN_ABOUT_RETURN_TYPE = YES_ERROR;
				GCC_WARN_UNDECLARED_SELECTOR = YES;
				GCC_WARN_UNINITIALIZED_AUTOS = YES_AGGRESSIVE;
				GCC_WARN_UNUSED_FUNCTION = YES;
				GCC_WARN_UNUSED_VARIABLE = YES;
				IPHONEOS_DEPLOYMENT_TARGET = 14.5;
				MTL_ENABLE_DEBUG_INFO = NO;
				MTL_FAST_MATH = YES;
				SDKROOT = iphoneos;
				SWIFT_COMPILATION_MODE = wholemodule;
				SWIFT_OPTIMIZATION_LEVEL = "-O";
				VALIDATE_PRODUCT = YES;
			};
			name = Release;
		};
		A7F9176427A2FF5C00E27904 /* Debug */ = {
			isa = XCBuildConfiguration;
			buildSettings = {
				ASSETCATALOG_COMPILER_APPICON_NAME = AppIcon;
				ASSETCATALOG_COMPILER_GLOBAL_ACCENT_COLOR_NAME = AccentColor;
				CODE_SIGN_STYLE = Automatic;
				DEVELOPMENT_TEAM = X88R953X82;
				INFOPLIST_FILE = myChat/Info.plist;
				IPHONEOS_DEPLOYMENT_TARGET = 13.6;
				LD_RUNPATH_SEARCH_PATHS = (
					"$(inherited)",
					"@executable_path/Frameworks",
				);
				PRODUCT_BUNDLE_IDENTIFIER = me.alisherka.myChat;
				PRODUCT_NAME = "$(TARGET_NAME)";
				SWIFT_VERSION = 5.0;
				TARGETED_DEVICE_FAMILY = "1,2";
			};
			name = Debug;
		};
		A7F9176527A2FF5C00E27904 /* Release */ = {
			isa = XCBuildConfiguration;
			buildSettings = {
				ASSETCATALOG_COMPILER_APPICON_NAME = AppIcon;
				ASSETCATALOG_COMPILER_GLOBAL_ACCENT_COLOR_NAME = AccentColor;
				CODE_SIGN_STYLE = Automatic;
				DEVELOPMENT_TEAM = X88R953X82;
				INFOPLIST_FILE = myChat/Info.plist;
				IPHONEOS_DEPLOYMENT_TARGET = 13.6;
				LD_RUNPATH_SEARCH_PATHS = (
					"$(inherited)",
					"@executable_path/Frameworks",
				);
				PRODUCT_BUNDLE_IDENTIFIER = me.alisherka.myChat;
				PRODUCT_NAME = "$(TARGET_NAME)";
				SWIFT_VERSION = 5.0;
				TARGETED_DEVICE_FAMILY = "1,2";
			};
			name = Release;
		};
/* End XCBuildConfiguration section */

/* Begin XCConfigurationList section */
		A7F9174A27A2FF5900E27904 /* Build configuration list for PBXProject "myChat" */ = {
			isa = XCConfigurationList;
			buildConfigurations = (
				A7F9176127A2FF5C00E27904 /* Debug */,
				A7F9176227A2FF5C00E27904 /* Release */,
			);
			defaultConfigurationIsVisible = 0;
			defaultConfigurationName = Release;
		};
		A7F9176327A2FF5C00E27904 /* Build configuration list for PBXNativeTarget "myChat" */ = {
			isa = XCConfigurationList;
			buildConfigurations = (
				A7F9176427A2FF5C00E27904 /* Debug */,
				A7F9176527A2FF5C00E27904 /* Release */,
			);
			defaultConfigurationIsVisible = 0;
			defaultConfigurationName = Release;
		};
/* End XCConfigurationList section */
	};
	rootObject = A7F9174727A2FF5900E27904 /* Project object */;
}
